
Microsoft Visual Studio Solution File, Format Version 12.00
# Visual Studio 2012
Project("{FAE04EC0-301F-11D3-BF4B-00C04F79EFBC}") = "VVK_WP8", "VVK_WP8\VVK_WP8.csproj", "{C17FB248-2BE4-4B0F-BC3D-7E9DDC476491}"
	ProjectSection(ProjectDependencies) = postProject
		{3A188E12-A99E-432C-A433-76B43762AFAF} = {3A188E12-A99E-432C-A433-76B43762AFAF}
	EndProjectSection
EndProject
Project("{8BC9CEB8-8B4A-11D0-8D11-00A0C91BC942}") = "libeay32", "OpenSSL-WP8-master\openssl-1.0.1c\vsbuild\libeay32.2010.vcxproj", "{D331904D-A00A-4694-A5A3-FCFF64AB5DBE}"
EndProject
Project("{8BC9CEB8-8B4A-11D0-8D11-00A0C91BC942}") = "ssleay32", "OpenSSL-WP8-master\openssl-1.0.1c\vsbuild\ssleay32.2010.vcxproj", "{B4B62169-5AD4-4559-8707-3D933AC5DB39}"
EndProject
Project("{8BC9CEB8-8B4A-11D0-8D11-00A0C91BC942}") = "libeay32_lib", "OpenSSL-WP8-master\openssl-1.0.1c\vsbuild\libeay32_lib.2010.vcxproj", "{A465545E-16A5-4336-A4B3-71AE7287DA89}"
EndProject
Project("{8BC9CEB8-8B4A-11D0-8D11-00A0C91BC942}") = "ssleay32_lib", "OpenSSL-WP8-master\openssl-1.0.1c\vsbuild\ssleay32_lib.2010.vcxproj", "{61BD60C1-17C1-4ABB-BEE4-73D2E9241759}"
EndProject
Project("{2150E333-8FDC-42A3-9474-1A3956D46DE8}") = "OpenSSL", "OpenSSL", "{754E389A-2684-478B-BD0F-F16A7C6A330C}"
EndProject
Project("{8BC9CEB8-8B4A-11D0-8D11-00A0C91BC942}") = "VVK_WPRC", "VVK_WPRC\VVK_WPRC.vcxproj", "{3A188E12-A99E-432C-A433-76B43762AFAF}"
EndProject
Project("{8BC9CEB8-8B4A-11D0-8D11-00A0C91BC942}") = "libcurl", "libcurlwp8-master\curl-7.33.0\vs\vc12\lib\vc12libcurl.vcxproj", "{87EE9DA4-DE1E-4448-8324-183C98DCA588}"
EndProject
Project("{2150E333-8FDC-42A3-9474-1A3956D46DE8}") = "Lib", "Lib", "{64D19DC4-35B3-4F08-AD5A-36C90EE5F7D2}"
EndProject
Global
	GlobalSection(SolutionConfigurationPlatforms) = preSolution
		Debug|Any CPU = Debug|Any CPU
		Debug|ARM = Debug|ARM
		Debug|Mixed Platforms = Debug|Mixed Platforms
		Debug|Win32 = Debug|Win32
		Debug|x64 = Debug|x64
		Debug|x86 = Debug|x86
		Release|Any CPU = Release|Any CPU
		Release|ARM = Release|ARM
		Release|Mixed Platforms = Release|Mixed Platforms
		Release|Win32 = Release|Win32
		Release|x64 = Release|x64
		Release|x86 = Release|x86
	EndGlobalSection
	GlobalSection(ProjectConfigurationPlatforms) = postSolution
		{C17FB248-2BE4-4B0F-BC3D-7E9DDC476491}.Debug|Any CPU.ActiveCfg = Debug|ARM
		{C17FB248-2BE4-4B0F-BC3D-7E9DDC476491}.Debug|Any CPU.Build.0 = Debug|ARM
		{C17FB248-2BE4-4B0F-BC3D-7E9DDC476491}.Debug|Any CPU.Deploy.0 = Debug|ARM
		{C17FB248-2BE4-4B0F-BC3D-7E9DDC476491}.Debug|ARM.ActiveCfg = Debug|ARM
		{C17FB248-2BE4-4B0F-BC3D-7E9DDC476491}.Debug|ARM.Build.0 = Debug|ARM
		{C17FB248-2BE4-4B0F-BC3D-7E9DDC476491}.Debug|ARM.Deploy.0 = Debug|ARM
		{C17FB248-2BE4-4B0F-BC3D-7E9DDC476491}.Debug|Mixed Platforms.ActiveCfg = Debug|ARM
		{C17FB248-2BE4-4B0F-BC3D-7E9DDC476491}.Debug|Mixed Platforms.Build.0 = Debug|ARM
		{C17FB248-2BE4-4B0F-BC3D-7E9DDC476491}.Debug|Mixed Platforms.Deploy.0 = Debug|ARM
		{C17FB248-2BE4-4B0F-BC3D-7E9DDC476491}.Debug|Win32.ActiveCfg = Debug|ARM
		{C17FB248-2BE4-4B0F-BC3D-7E9DDC476491}.Debug|Win32.Build.0 = Debug|ARM
		{C17FB248-2BE4-4B0F-BC3D-7E9DDC476491}.Debug|Win32.Deploy.0 = Debug|ARM
		{C17FB248-2BE4-4B0F-BC3D-7E9DDC476491}.Debug|x64.ActiveCfg = Debug|Any CPU
		{C17FB248-2BE4-4B0F-BC3D-7E9DDC476491}.Debug|x64.Deploy.0 = Debug|Any CPU
		{C17FB248-2BE4-4B0F-BC3D-7E9DDC476491}.Debug|x86.ActiveCfg = Debug|x86
		{C17FB248-2BE4-4B0F-BC3D-7E9DDC476491}.Debug|x86.Build.0 = Debug|x86
		{C17FB248-2BE4-4B0F-BC3D-7E9DDC476491}.Debug|x86.Deploy.0 = Debug|x86
		{C17FB248-2BE4-4B0F-BC3D-7E9DDC476491}.Release|Any CPU.ActiveCfg = Release|x86
		{C17FB248-2BE4-4B0F-BC3D-7E9DDC476491}.Release|Any CPU.Build.0 = Release|x86
		{C17FB248-2BE4-4B0F-BC3D-7E9DDC476491}.Release|Any CPU.Deploy.0 = Release|x86
		{C17FB248-2BE4-4B0F-BC3D-7E9DDC476491}.Release|ARM.ActiveCfg = Release|ARM
		{C17FB248-2BE4-4B0F-BC3D-7E9DDC476491}.Release|ARM.Build.0 = Release|ARM
		{C17FB248-2BE4-4B0F-BC3D-7E9DDC476491}.Release|ARM.Deploy.0 = Release|ARM
		{C17FB248-2BE4-4B0F-BC3D-7E9DDC476491}.Release|Mixed Platforms.ActiveCfg = Release|ARM
		{C17FB248-2BE4-4B0F-BC3D-7E9DDC476491}.Release|Mixed Platforms.Build.0 = Release|ARM
		{C17FB248-2BE4-4B0F-BC3D-7E9DDC476491}.Release|Mixed Platforms.Deploy.0 = Release|ARM
		{C17FB248-2BE4-4B0F-BC3D-7E9DDC476491}.Release|Win32.ActiveCfg = Release|x86
		{C17FB248-2BE4-4B0F-BC3D-7E9DDC476491}.Release|Win32.Build.0 = Release|x86
		{C17FB248-2BE4-4B0F-BC3D-7E9DDC476491}.Release|Win32.Deploy.0 = Release|x86
		{C17FB248-2BE4-4B0F-BC3D-7E9DDC476491}.Release|x64.ActiveCfg = Release|Any CPU
		{C17FB248-2BE4-4B0F-BC3D-7E9DDC476491}.Release|x86.ActiveCfg = Release|x86
		{C17FB248-2BE4-4B0F-BC3D-7E9DDC476491}.Release|x86.Build.0 = Release|x86
		{C17FB248-2BE4-4B0F-BC3D-7E9DDC476491}.Release|x86.Deploy.0 = Release|x86
		{D331904D-A00A-4694-A5A3-FCFF64AB5DBE}.Debug|Any CPU.ActiveCfg = Debug|Win32
		{D331904D-A00A-4694-A5A3-FCFF64AB5DBE}.Debug|ARM.ActiveCfg = Debug|ARM
		{D331904D-A00A-4694-A5A3-FCFF64AB5DBE}.Debug|ARM.Build.0 = Debug|ARM
		{D331904D-A00A-4694-A5A3-FCFF64AB5DBE}.Debug|Mixed Platforms.ActiveCfg = Debug|ARM
		{D331904D-A00A-4694-A5A3-FCFF64AB5DBE}.Debug|Mixed Platforms.Build.0 = Debug|ARM
		{D331904D-A00A-4694-A5A3-FCFF64AB5DBE}.Debug|Win32.ActiveCfg = Debug|Win32
		{D331904D-A00A-4694-A5A3-FCFF64AB5DBE}.Debug|Win32.Build.0 = Debug|Win32
		{D331904D-A00A-4694-A5A3-FCFF64AB5DBE}.Debug|x64.ActiveCfg = Debug|Win32
		{D331904D-A00A-4694-A5A3-FCFF64AB5DBE}.Debug|x64.Build.0 = Debug|Win32
		{D331904D-A00A-4694-A5A3-FCFF64AB5DBE}.Debug|x86.ActiveCfg = Debug|Win32
		{D331904D-A00A-4694-A5A3-FCFF64AB5DBE}.Debug|x86.Build.0 = Debug|Win32
		{D331904D-A00A-4694-A5A3-FCFF64AB5DBE}.Release|Any CPU.ActiveCfg = Release|Win32
		{D331904D-A00A-4694-A5A3-FCFF64AB5DBE}.Release|Any CPU.Build.0 = Release|Win32
		{D331904D-A00A-4694-A5A3-FCFF64AB5DBE}.Release|ARM.ActiveCfg = Release|ARM
		{D331904D-A00A-4694-A5A3-FCFF64AB5DBE}.Release|ARM.Build.0 = Release|ARM
		{D331904D-A00A-4694-A5A3-FCFF64AB5DBE}.Release|Mixed Platforms.ActiveCfg = Release|ARM
		{D331904D-A00A-4694-A5A3-FCFF64AB5DBE}.Release|Mixed Platforms.Build.0 = Release|ARM
		{D331904D-A00A-4694-A5A3-FCFF64AB5DBE}.Release|Win32.ActiveCfg = Release|Win32
		{D331904D-A00A-4694-A5A3-FCFF64AB5DBE}.Release|Win32.Build.0 = Release|Win32
		{D331904D-A00A-4694-A5A3-FCFF64AB5DBE}.Release|x64.ActiveCfg = Release|x64
		{D331904D-A00A-4694-A5A3-FCFF64AB5DBE}.Release|x64.Build.0 = Release|x64
		{D331904D-A00A-4694-A5A3-FCFF64AB5DBE}.Release|x86.ActiveCfg = Release|Win32
		{D331904D-A00A-4694-A5A3-FCFF64AB5DBE}.Release|x86.Build.0 = Release|Win32
		{B4B62169-5AD4-4559-8707-3D933AC5DB39}.Debug|Any CPU.ActiveCfg = Debug|Win32
		{B4B62169-5AD4-4559-8707-3D933AC5DB39}.Debug|ARM.ActiveCfg = Debug|ARM
		{B4B62169-5AD4-4559-8707-3D933AC5DB39}.Debug|ARM.Build.0 = Debug|ARM
		{B4B62169-5AD4-4559-8707-3D933AC5DB39}.Debug|Mixed Platforms.ActiveCfg = Debug|ARM
		{B4B62169-5AD4-4559-8707-3D933AC5DB39}.Debug|Mixed Platforms.Build.0 = Debug|ARM
		{B4B62169-5AD4-4559-8707-3D933AC5DB39}.Debug|Win32.ActiveCfg = Debug|Win32
		{B4B62169-5AD4-4559-8707-3D933AC5DB39}.Debug|Win32.Build.0 = Debug|Win32
		{B4B62169-5AD4-4559-8707-3D933AC5DB39}.Debug|x64.ActiveCfg = Debug|Win32
		{B4B62169-5AD4-4559-8707-3D933AC5DB39}.Debug|x64.Build.0 = Debug|Win32
		{B4B62169-5AD4-4559-8707-3D933AC5DB39}.Debug|x86.ActiveCfg = Debug|Win32
		{B4B62169-5AD4-4559-8707-3D933AC5DB39}.Debug|x86.Build.0 = Debug|Win32
		{B4B62169-5AD4-4559-8707-3D933AC5DB39}.Release|Any CPU.ActiveCfg = Release|Win32
		{B4B62169-5AD4-4559-8707-3D933AC5DB39}.Release|Any CPU.Build.0 = Release|Win32
		{B4B62169-5AD4-4559-8707-3D933AC5DB39}.Release|ARM.ActiveCfg = Release|ARM
		{B4B62169-5AD4-4559-8707-3D933AC5DB39}.Release|ARM.Build.0 = Release|ARM
		{B4B62169-5AD4-4559-8707-3D933AC5DB39}.Release|Mixed Platforms.ActiveCfg = Release|ARM
		{B4B62169-5AD4-4559-8707-3D933AC5DB39}.Release|Mixed Platforms.Build.0 = Release|ARM
		{B4B62169-5AD4-4559-8707-3D933AC5DB39}.Release|Win32.ActiveCfg = Release|Win32
		{B4B62169-5AD4-4559-8707-3D933AC5DB39}.Release|Win32.Build.0 = Release|Win32
		{B4B62169-5AD4-4559-8707-3D933AC5DB39}.Release|x64.ActiveCfg = Release|x64
		{B4B62169-5AD4-4559-8707-3D933AC5DB39}.Release|x64.Build.0 = Release|x64
		{B4B62169-5AD4-4559-8707-3D933AC5DB39}.Release|x86.ActiveCfg = Release|Win32
		{B4B62169-5AD4-4559-8707-3D933AC5DB39}.Release|x86.Build.0 = Release|Win32
		{A465545E-16A5-4336-A4B3-71AE7287DA89}.Debug|Any CPU.ActiveCfg = Debug|Win32
		{A465545E-16A5-4336-A4B3-71AE7287DA89}.Debug|ARM.ActiveCfg = Debug|ARM
		{A465545E-16A5-4336-A4B3-71AE7287DA89}.Debug|ARM.Build.0 = Debug|ARM
		{A465545E-16A5-4336-A4B3-71AE7287DA89}.Debug|Mixed Platforms.ActiveCfg = Debug|ARM
		{A465545E-16A5-4336-A4B3-71AE7287DA89}.Debug|Mixed Platforms.Build.0 = Debug|ARM
		{A465545E-16A5-4336-A4B3-71AE7287DA89}.Debug|Win32.ActiveCfg = Debug|Win32
		{A465545E-16A5-4336-A4B3-71AE7287DA89}.Debug|Win32.Build.0 = Debug|Win32
		{A465545E-16A5-4336-A4B3-71AE7287DA89}.Debug|x64.ActiveCfg = Debug|Win32
		{A465545E-16A5-4336-A4B3-71AE7287DA89}.Debug|x64.Build.0 = Debug|Win32
		{A465545E-16A5-4336-A4B3-71AE7287DA89}.Debug|x86.ActiveCfg = Debug|Win32
		{A465545E-16A5-4336-A4B3-71AE7287DA89}.Debug|x86.Build.0 = Debug|Win32
		{A465545E-16A5-4336-A4B3-71AE7287DA89}.Release|Any CPU.ActiveCfg = Release|Win32
		{A465545E-16A5-4336-A4B3-71AE7287DA89}.Release|Any CPU.Build.0 = Release|Win32
		{A465545E-16A5-4336-A4B3-71AE7287DA89}.Release|ARM.ActiveCfg = Release|ARM
		{A465545E-16A5-4336-A4B3-71AE7287DA89}.Release|ARM.Build.0 = Release|ARM
		{A465545E-16A5-4336-A4B3-71AE7287DA89}.Release|Mixed Platforms.ActiveCfg = Release|ARM
		{A465545E-16A5-4336-A4B3-71AE7287DA89}.Release|Mixed Platforms.Build.0 = Release|ARM
		{A465545E-16A5-4336-A4B3-71AE7287DA89}.Release|Win32.ActiveCfg = Release|Win32
		{A465545E-16A5-4336-A4B3-71AE7287DA89}.Release|Win32.Build.0 = Release|Win32
		{A465545E-16A5-4336-A4B3-71AE7287DA89}.Release|x64.ActiveCfg = Release|x64
		{A465545E-16A5-4336-A4B3-71AE7287DA89}.Release|x64.Build.0 = Release|x64
		{A465545E-16A5-4336-A4B3-71AE7287DA89}.Release|x86.ActiveCfg = Release|Win32
		{A465545E-16A5-4336-A4B3-71AE7287DA89}.Release|x86.Build.0 = Release|Win32
		{61BD60C1-17C1-4ABB-BEE4-73D2E9241759}.Debug|Any CPU.ActiveCfg = Debug|Win32
		{61BD60C1-17C1-4ABB-BEE4-73D2E9241759}.Debug|ARM.ActiveCfg = Debug|ARM
		{61BD60C1-17C1-4ABB-BEE4-73D2E9241759}.Debug|ARM.Build.0 = Debug|ARM
		{61BD60C1-17C1-4ABB-BEE4-73D2E9241759}.Debug|Mixed Platforms.ActiveCfg = Debug|ARM
		{61BD60C1-17C1-4ABB-BEE4-73D2E9241759}.Debug|Mixed Platforms.Build.0 = Debug|ARM
		{61BD60C1-17C1-4ABB-BEE4-73D2E9241759}.Debug|Win32.ActiveCfg = Debug|Win32
		{61BD60C1-17C1-4ABB-BEE4-73D2E9241759}.Debug|Win32.Build.0 = Debug|Win32
		{61BD60C1-17C1-4ABB-BEE4-73D2E9241759}.Debug|x64.ActiveCfg = Debug|Win32
		{61BD60C1-17C1-4ABB-BEE4-73D2E9241759}.Debug|x64.Build.0 = Debug|Win32
		{61BD60C1-17C1-4ABB-BEE4-73D2E9241759}.Debug|x86.ActiveCfg = Debug|Win32
		{61BD60C1-17C1-4ABB-BEE4-73D2E9241759}.Debug|x86.Build.0 = Debug|Win32
		{61BD60C1-17C1-4ABB-BEE4-73D2E9241759}.Release|Any CPU.ActiveCfg = Release|Win32
		{61BD60C1-17C1-4ABB-BEE4-73D2E9241759}.Release|Any CPU.Build.0 = Release|Win32
		{61BD60C1-17C1-4ABB-BEE4-73D2E9241759}.Release|ARM.ActiveCfg = Release|ARM
		{61BD60C1-17C1-4ABB-BEE4-73D2E9241759}.Release|ARM.Build.0 = Release|ARM
		{61BD60C1-17C1-4ABB-BEE4-73D2E9241759}.Release|Mixed Platforms.ActiveCfg = Release|ARM
		{61BD60C1-17C1-4ABB-BEE4-73D2E9241759}.Release|Mixed Platforms.Build.0 = Release|ARM
		{61BD60C1-17C1-4ABB-BEE4-73D2E9241759}.Release|Win32.ActiveCfg = Release|Win32
		{61BD60C1-17C1-4ABB-BEE4-73D2E9241759}.Release|Win32.Build.0 = Release|Win32
		{61BD60C1-17C1-4ABB-BEE4-73D2E9241759}.Release|x64.ActiveCfg = Release|x64
		{61BD60C1-17C1-4ABB-BEE4-73D2E9241759}.Release|x64.Build.0 = Release|x64
		{61BD60C1-17C1-4ABB-BEE4-73D2E9241759}.Release|x86.ActiveCfg = Release|Win32
		{61BD60C1-17C1-4ABB-BEE4-73D2E9241759}.Release|x86.Build.0 = Release|Win32
		{3A188E12-A99E-432C-A433-76B43762AFAF}.Debug|Any CPU.ActiveCfg = Debug|Win32
		{3A188E12-A99E-432C-A433-76B43762AFAF}.Debug|ARM.ActiveCfg = Debug|ARM
		{3A188E12-A99E-432C-A433-76B43762AFAF}.Debug|ARM.Build.0 = Debug|ARM
		{3A188E12-A99E-432C-A433-76B43762AFAF}.Debug|Mixed Platforms.ActiveCfg = Debug|ARM
		{3A188E12-A99E-432C-A433-76B43762AFAF}.Debug|Mixed Platforms.Build.0 = Debug|ARM
		{3A188E12-A99E-432C-A433-76B43762AFAF}.Debug|Win32.ActiveCfg = Debug|Win32
		{3A188E12-A99E-432C-A433-76B43762AFAF}.Debug|Win32.Build.0 = Debug|Win32
		{3A188E12-A99E-432C-A433-76B43762AFAF}.Debug|x64.ActiveCfg = Debug|Win32
		{3A188E12-A99E-432C-A433-76B43762AFAF}.Debug|x64.Build.0 = Debug|Win32
		{3A188E12-A99E-432C-A433-76B43762AFAF}.Debug|x86.ActiveCfg = Debug|Win32
		{3A188E12-A99E-432C-A433-76B43762AFAF}.Debug|x86.Build.0 = Debug|Win32
		{3A188E12-A99E-432C-A433-76B43762AFAF}.Release|Any CPU.ActiveCfg = Release|Win32
		{3A188E12-A99E-432C-A433-76B43762AFAF}.Release|Any CPU.Build.0 = Release|Win32
		{3A188E12-A99E-432C-A433-76B43762AFAF}.Release|ARM.ActiveCfg = Release|ARM
		{3A188E12-A99E-432C-A433-76B43762AFAF}.Release|ARM.Build.0 = Release|ARM
		{3A188E12-A99E-432C-A433-76B43762AFAF}.Release|Mixed Platforms.ActiveCfg = Release|Win32
		{3A188E12-A99E-432C-A433-76B43762AFAF}.Release|Mixed Platforms.Build.0 = Release|Win32
		{3A188E12-A99E-432C-A433-76B43762AFAF}.Release|Win32.ActiveCfg = Release|Win32
		{3A188E12-A99E-432C-A433-76B43762AFAF}.Release|Win32.Build.0 = Release|Win32
		{3A188E12-A99E-432C-A433-76B43762AFAF}.Release|x64.ActiveCfg = Release|Win32
		{3A188E12-A99E-432C-A433-76B43762AFAF}.Release|x86.ActiveCfg = Release|Win32
		{3A188E12-A99E-432C-A433-76B43762AFAF}.Release|x86.Build.0 = Release|Win32
		{87EE9DA4-DE1E-4448-8324-183C98DCA588}.Debug|Any CPU.ActiveCfg = Debug|Win32
		{87EE9DA4-DE1E-4448-8324-183C98DCA588}.Debug|ARM.ActiveCfg = Debug|ARM
		{87EE9DA4-DE1E-4448-8324-183C98DCA588}.Debug|ARM.Build.0 = Debug|ARM
		{87EE9DA4-DE1E-4448-8324-183C98DCA588}.Debug|Mixed Platforms.ActiveCfg = Debug|ARM
		{87EE9DA4-DE1E-4448-8324-183C98DCA588}.Debug|Mixed Platforms.Build.0 = Debug|ARM
		{87EE9DA4-DE1E-4448-8324-183C98DCA588}.Debug|Win32.ActiveCfg = Debug|Win32
		{87EE9DA4-DE1E-4448-8324-183C98DCA588}.Debug|Win32.Build.0 = Debug|Win32
		{87EE9DA4-DE1E-4448-8324-183C98DCA588}.Debug|x64.ActiveCfg = Debug|Win32
		{87EE9DA4-DE1E-4448-8324-183C98DCA588}.Debug|x64.Build.0 = Debug|Win32
		{87EE9DA4-DE1E-4448-8324-183C98DCA588}.Debug|x86.ActiveCfg = Debug|Win32
		{87EE9DA4-DE1E-4448-8324-183C98DCA588}.Debug|x86.Build.0 = Debug|Win32
		{87EE9DA4-DE1E-4448-8324-183C98DCA588}.Release|Any CPU.ActiveCfg = Release|Win32
		{87EE9DA4-DE1E-4448-8324-183C98DCA588}.Release|Any CPU.Build.0 = Release|Win32
		{87EE9DA4-DE1E-4448-8324-183C98DCA588}.Release|ARM.ActiveCfg = Release|ARM
		{87EE9DA4-DE1E-4448-8324-183C98DCA588}.Release|ARM.Build.0 = Release|ARM
		{87EE9DA4-DE1E-4448-8324-183C98DCA588}.Release|Mixed Platforms.ActiveCfg = Release|ARM
		{87EE9DA4-DE1E-4448-8324-183C98DCA588}.Release|Mixed Platforms.Build.0 = Release|ARM
		{87EE9DA4-DE1E-4448-8324-183C98DCA588}.Release|Win32.ActiveCfg = Release|Win32
		{87EE9DA4-DE1E-4448-8324-183C98DCA588}.Release|Win32.Build.0 = Release|Win32
		{87EE9DA4-DE1E-4448-8324-183C98DCA588}.Release|x64.ActiveCfg = Release|Win32
		{87EE9DA4-DE1E-4448-8324-183C98DCA588}.Release|x86.ActiveCfg = Release|Win32
		{87EE9DA4-DE1E-4448-8324-183C98DCA588}.Release|x86.Build.0 = Release|Win32
	EndGlobalSection
	GlobalSection(SolutionProperties) = preSolution
		HideSolutionNode = FALSE
	EndGlobalSection
	GlobalSection(NestedProjects) = preSolution
		{754E389A-2684-478B-BD0F-F16A7C6A330C} = {64D19DC4-35B3-4F08-AD5A-36C90EE5F7D2}
		{3A188E12-A99E-432C-A433-76B43762AFAF} = {64D19DC4-35B3-4F08-AD5A-36C90EE5F7D2}
		{87EE9DA4-DE1E-4448-8324-183C98DCA588} = {64D19DC4-35B3-4F08-AD5A-36C90EE5F7D2}
		{A465545E-16A5-4336-A4B3-71AE7287DA89} = {754E389A-2684-478B-BD0F-F16A7C6A330C}
		{61BD60C1-17C1-4ABB-BEE4-73D2E9241759} = {754E389A-2684-478B-BD0F-F16A7C6A330C}
		{B4B62169-5AD4-4559-8707-3D933AC5DB39} = {754E389A-2684-478B-BD0F-F16A7C6A330C}
		{D331904D-A00A-4694-A5A3-FCFF64AB5DBE} = {754E389A-2684-478B-BD0F-F16A7C6A330C}
	EndGlobalSection
EndGlobal
